
Microsoft Visual Studio Solution File, Format Version 12.00
# Visual Studio 15
VisualStudioVersion = 15.0.27703.2000
MinimumVisualStudioVersion = 10.0.40219.1
Project("{FAE04EC0-301F-11D3-BF4B-00C04F79EFBC}") = "EventNotifier", "EventNotifier\EventNotifier.csproj", "{CDEC6659-27B2-4B97-963B-EE87A4C06A83}"
EndProject
Project("{54435603-DBB4-11D2-8724-00A0C9A8B90C}") = "EventNotifierSetup", "EventNotifierSetup\EventNotifierSetup.vdproj", "{89FB3B1E-4BDB-4E42-8F1C-D710AA18AAFE}"
EndProject
Project("{2150E333-8FDC-42A3-9474-1A3956D46DE8}") = "Solution Items", "Solution Items", "{51BE6645-B249-42FE-BC23-4EE330B8873E}"
	ProjectSection(SolutionItems) = preProject
		Images\EventNotifierConfigWindow.png = Images\EventNotifierConfigWindow.png
		Images\EventNotifierNotification.png = Images\EventNotifierNotification.png
		Images\notification-details.png = Images\notification-details.png
		Images\tray-icon.png = Images\tray-icon.png
	EndProjectSection
EndProject
Global
	GlobalSection(SolutionConfigurationPlatforms) = preSolution
		Debug|Any CPU = Debug|Any CPU
		Release|Any CPU = Release|Any CPU
	EndGlobalSection
	GlobalSection(ProjectConfigurationPlatforms) = postSolution
		{CDEC6659-27B2-4B97-963B-EE87A4C06A83}.Debug|Any CPU.ActiveCfg = Debug|Any CPU
		{CDEC6659-27B2-4B97-963B-EE87A4C06A83}.Debug|Any CPU.Build.0 = Debug|Any CPU
		{CDEC6659-27B2-4B97-963B-EE87A4C06A83}.Release|Any CPU.ActiveCfg = Release|Any CPU
		{CDEC6659-27B2-4B97-963B-EE87A4C06A83}.Release|Any CPU.Build.0 = Release|Any CPU
		{89FB3B1E-4BDB-4E42-8F1C-D710AA18AAFE}.Debug|Any CPU.ActiveCfg = Debug
		{89FB3B1E-4BDB-4E42-8F1C-D710AA18AAFE}.Release|Any CPU.ActiveCfg = Release
	EndGlobalSection
	GlobalSection(SolutionProperties) = preSolution
		HideSolutionNode = FALSE
	EndGlobalSection
	GlobalSection(ExtensibilityGlobals) = postSolution
		SolutionGuid = {525140CA-327B-45EA-9D4C-7F2F553FAF1B}
	EndGlobalSection
EndGlobal
